
Microsoft Visual Studio Solution File, Format Version 12.00
# Visual Studio Version 17
VisualStudioVersion = 17.4.33213.308
MinimumVisualStudioVersion = 10.0.40219.1
Project("{FAE04EC0-301F-11D3-BF4B-00C04F79EFBC}") = "ECommerce.Api.Products", "ECommerce.Api.Products\ECommerce.Api.Products.csproj", "{9FA8E68E-05DF-48EC-83D5-D8FDEF2E2C73}"
EndProject
Project("{FAE04EC0-301F-11D3-BF4B-00C04F79EFBC}") = "ECommerce.Api.Customers", "ECommerce.Api.Customers\ECommerce.Api.Customers.csproj", "{C47B7864-9A35-4DBA-A75E-D70194D44B74}"
EndProject
Project("{FAE04EC0-301F-11D3-BF4B-00C04F79EFBC}") = "ECommerce.Api.Orders", "ECommerce.Api.Orders\ECommerce.Api.Orders.csproj", "{5A4427A2-4228-4BA1-8598-7DA1A1068A56}"
EndProject
Project("{FAE04EC0-301F-11D3-BF4B-00C04F79EFBC}") = "ECommerce.Api.Search", "ECommerce.Api.Search\ECommerce.Api.Search.csproj", "{737E35CE-462B-4B7C-AA35-FAA453BEAF28}"
EndProject
Global
	GlobalSection(SolutionConfigurationPlatforms) = preSolution
		Debug|Any CPU = Debug|Any CPU
		Release|Any CPU = Release|Any CPU
	EndGlobalSection
	GlobalSection(ProjectConfigurationPlatforms) = postSolution
		{9FA8E68E-05DF-48EC-83D5-D8FDEF2E2C73}.Debug|Any CPU.ActiveCfg = Debug|Any CPU
		{9FA8E68E-05DF-48EC-83D5-D8FDEF2E2C73}.Debug|Any CPU.Build.0 = Debug|Any CPU
		{9FA8E68E-05DF-48EC-83D5-D8FDEF2E2C73}.Release|Any CPU.ActiveCfg = Release|Any CPU
		{9FA8E68E-05DF-48EC-83D5-D8FDEF2E2C73}.Release|Any CPU.Build.0 = Release|Any CPU
		{C47B7864-9A35-4DBA-A75E-D70194D44B74}.Debug|Any CPU.ActiveCfg = Debug|Any CPU
		{C47B7864-9A35-4DBA-A75E-D70194D44B74}.Debug|Any CPU.Build.0 = Debug|Any CPU
		{C47B7864-9A35-4DBA-A75E-D70194D44B74}.Release|Any CPU.ActiveCfg = Release|Any CPU
		{C47B7864-9A35-4DBA-A75E-D70194D44B74}.Release|Any CPU.Build.0 = Release|Any CPU
		{5A4427A2-4228-4BA1-8598-7DA1A1068A56}.Debug|Any CPU.ActiveCfg = Debug|Any CPU
		{5A4427A2-4228-4BA1-8598-7DA1A1068A56}.Debug|Any CPU.Build.0 = Debug|Any CPU
		{5A4427A2-4228-4BA1-8598-7DA1A1068A56}.Release|Any CPU.ActiveCfg = Release|Any CPU
		{5A4427A2-4228-4BA1-8598-7DA1A1068A56}.Release|Any CPU.Build.0 = Release|Any CPU
		{737E35CE-462B-4B7C-AA35-FAA453BEAF28}.Debug|Any CPU.ActiveCfg = Debug|Any CPU
		{737E35CE-462B-4B7C-AA35-FAA453BEAF28}.Debug|Any CPU.Build.0 = Debug|Any CPU
		{737E35CE-462B-4B7C-AA35-FAA453BEAF28}.Release|Any CPU.ActiveCfg = Release|Any CPU
		{737E35CE-462B-4B7C-AA35-FAA453BEAF28}.Release|Any CPU.Build.0 = Release|Any CPU
	EndGlobalSection
	GlobalSection(SolutionProperties) = preSolution
		HideSolutionNode = FALSE
	EndGlobalSection
	GlobalSection(ExtensibilityGlobals) = postSolution
		SolutionGuid = {5DE0102A-39C2-44D9-BE9C-03C3501218DB}
	EndGlobalSection
EndGlobal
